
Microsoft Visual Studio Solution File, Format Version 12.00
Project("{FAE04EC0-301F-11D3-BF4B-00C04F79EFBC}") = "Type system", "Type system\Type system.csproj", "{C9302D67-B9A9-4009-9A21-08671E07C6FC}"
EndProject
Project("{FAE04EC0-301F-11D3-BF4B-00C04F79EFBC}") = "Type casting", "Type casting\Type casting.csproj", "{B3A196E7-DFCB-4BDA-B458-72CEF4D72F9D}"
EndProject
Project("{FAE04EC0-301F-11D3-BF4B-00C04F79EFBC}") = "Namespace", "Namespace\Namespace.csproj", "{D8271851-61D1-4500-855A-1EAAEDEC897A}"
EndProject
Project("{FAE04EC0-301F-11D3-BF4B-00C04F79EFBC}") = "Classes", "Classes\Classes.csproj", "{C5FFA18A-C150-4B5C-8706-A22C78EF3E0F}"
EndProject
Project("{FAE04EC0-301F-11D3-BF4B-00C04F79EFBC}") = "Records", "Records\Records.csproj", "{1AC6CF46-EC10-470D-A921-76C605B5339C}"
EndProject
Project("{FAE04EC0-301F-11D3-BF4B-00C04F79EFBC}") = "Interfaces", "Interfaces\Interfaces.csproj", "{D1FFA91D-7F13-4A3F-B73B-EBADE26732BB}"
EndProject
Project("{FAE04EC0-301F-11D3-BF4B-00C04F79EFBC}") = "Generic", "Generic\Generic.csproj", "{1CE5B9DE-ADE8-4741-BDCA-B7F644A8470A}"
EndProject
Project("{FAE04EC0-301F-11D3-BF4B-00C04F79EFBC}") = "Anonymous types", "Anonymous types\Anonymous types.csproj", "{3E136F91-0D02-471D-BB84-9152F4D7015C}"
EndProject
Project("{FAE04EC0-301F-11D3-BF4B-00C04F79EFBC}") = "Loops", "Loops\Loops.csproj", "{6AC6FA79-9125-493C-A948-F524076258E5}"
EndProject
Project("{FAE04EC0-301F-11D3-BF4B-00C04F79EFBC}") = "Enums", "Enums\Enums.csproj", "{40E11B90-29D1-41F1-89CA-5B28ED710E74}"
EndProject
Project("{FAE04EC0-301F-11D3-BF4B-00C04F79EFBC}") = "Tuples", "Tuples\Tuples.csproj", "{4F9196E4-D95E-4776-9083-2B74D96E857B}"
EndProject
Project("{FAE04EC0-301F-11D3-BF4B-00C04F79EFBC}") = "Operators", "Operators\Operators.csproj", "{B20A8073-A377-4E8B-B970-46CF3412F575}"
EndProject
Project("{FAE04EC0-301F-11D3-BF4B-00C04F79EFBC}") = "Switch", "Switch\Switch.csproj", "{332F656C-1BC6-4DFD-B831-15F4DCDC6E62}"
EndProject
Project("{FAE04EC0-301F-11D3-BF4B-00C04F79EFBC}") = "String", "String\String.csproj", "{A018884C-C35F-4A3F-8CE0-C3443A5DD856}"
EndProject
Project("{FAE04EC0-301F-11D3-BF4B-00C04F79EFBC}") = "Events", "Events\Events.csproj", "{5E39D372-DD24-48E0-A816-5DC62AA8C0AD}"
EndProject
Global
	GlobalSection(SolutionConfigurationPlatforms) = preSolution
		Debug|Any CPU = Debug|Any CPU
		Release|Any CPU = Release|Any CPU
	EndGlobalSection
	GlobalSection(ProjectConfigurationPlatforms) = postSolution
		{C9302D67-B9A9-4009-9A21-08671E07C6FC}.Debug|Any CPU.ActiveCfg = Debug|Any CPU
		{C9302D67-B9A9-4009-9A21-08671E07C6FC}.Debug|Any CPU.Build.0 = Debug|Any CPU
		{C9302D67-B9A9-4009-9A21-08671E07C6FC}.Release|Any CPU.ActiveCfg = Release|Any CPU
		{C9302D67-B9A9-4009-9A21-08671E07C6FC}.Release|Any CPU.Build.0 = Release|Any CPU
		{B3A196E7-DFCB-4BDA-B458-72CEF4D72F9D}.Debug|Any CPU.ActiveCfg = Debug|Any CPU
		{B3A196E7-DFCB-4BDA-B458-72CEF4D72F9D}.Debug|Any CPU.Build.0 = Debug|Any CPU
		{B3A196E7-DFCB-4BDA-B458-72CEF4D72F9D}.Release|Any CPU.ActiveCfg = Release|Any CPU
		{B3A196E7-DFCB-4BDA-B458-72CEF4D72F9D}.Release|Any CPU.Build.0 = Release|Any CPU
		{D8271851-61D1-4500-855A-1EAAEDEC897A}.Debug|Any CPU.ActiveCfg = Debug|Any CPU
		{D8271851-61D1-4500-855A-1EAAEDEC897A}.Debug|Any CPU.Build.0 = Debug|Any CPU
		{D8271851-61D1-4500-855A-1EAAEDEC897A}.Release|Any CPU.ActiveCfg = Release|Any CPU
		{D8271851-61D1-4500-855A-1EAAEDEC897A}.Release|Any CPU.Build.0 = Release|Any CPU
		{C5FFA18A-C150-4B5C-8706-A22C78EF3E0F}.Debug|Any CPU.ActiveCfg = Debug|Any CPU
		{C5FFA18A-C150-4B5C-8706-A22C78EF3E0F}.Debug|Any CPU.Build.0 = Debug|Any CPU
		{C5FFA18A-C150-4B5C-8706-A22C78EF3E0F}.Release|Any CPU.ActiveCfg = Release|Any CPU
		{C5FFA18A-C150-4B5C-8706-A22C78EF3E0F}.Release|Any CPU.Build.0 = Release|Any CPU
		{1AC6CF46-EC10-470D-A921-76C605B5339C}.Debug|Any CPU.ActiveCfg = Debug|Any CPU
		{1AC6CF46-EC10-470D-A921-76C605B5339C}.Debug|Any CPU.Build.0 = Debug|Any CPU
		{1AC6CF46-EC10-470D-A921-76C605B5339C}.Release|Any CPU.ActiveCfg = Release|Any CPU
		{1AC6CF46-EC10-470D-A921-76C605B5339C}.Release|Any CPU.Build.0 = Release|Any CPU
		{D1FFA91D-7F13-4A3F-B73B-EBADE26732BB}.Debug|Any CPU.ActiveCfg = Debug|Any CPU
		{D1FFA91D-7F13-4A3F-B73B-EBADE26732BB}.Debug|Any CPU.Build.0 = Debug|Any CPU
		{D1FFA91D-7F13-4A3F-B73B-EBADE26732BB}.Release|Any CPU.ActiveCfg = Release|Any CPU
		{D1FFA91D-7F13-4A3F-B73B-EBADE26732BB}.Release|Any CPU.Build.0 = Release|Any CPU
		{1CE5B9DE-ADE8-4741-BDCA-B7F644A8470A}.Debug|Any CPU.ActiveCfg = Debug|Any CPU
		{1CE5B9DE-ADE8-4741-BDCA-B7F644A8470A}.Debug|Any CPU.Build.0 = Debug|Any CPU
		{1CE5B9DE-ADE8-4741-BDCA-B7F644A8470A}.Release|Any CPU.ActiveCfg = Release|Any CPU
		{1CE5B9DE-ADE8-4741-BDCA-B7F644A8470A}.Release|Any CPU.Build.0 = Release|Any CPU
		{3E136F91-0D02-471D-BB84-9152F4D7015C}.Debug|Any CPU.ActiveCfg = Debug|Any CPU
		{3E136F91-0D02-471D-BB84-9152F4D7015C}.Debug|Any CPU.Build.0 = Debug|Any CPU
		{3E136F91-0D02-471D-BB84-9152F4D7015C}.Release|Any CPU.ActiveCfg = Release|Any CPU
		{3E136F91-0D02-471D-BB84-9152F4D7015C}.Release|Any CPU.Build.0 = Release|Any CPU
		{6AC6FA79-9125-493C-A948-F524076258E5}.Debug|Any CPU.ActiveCfg = Debug|Any CPU
		{6AC6FA79-9125-493C-A948-F524076258E5}.Debug|Any CPU.Build.0 = Debug|Any CPU
		{6AC6FA79-9125-493C-A948-F524076258E5}.Release|Any CPU.ActiveCfg = Release|Any CPU
		{6AC6FA79-9125-493C-A948-F524076258E5}.Release|Any CPU.Build.0 = Release|Any CPU
		{40E11B90-29D1-41F1-89CA-5B28ED710E74}.Debug|Any CPU.ActiveCfg = Debug|Any CPU
		{40E11B90-29D1-41F1-89CA-5B28ED710E74}.Debug|Any CPU.Build.0 = Debug|Any CPU
		{40E11B90-29D1-41F1-89CA-5B28ED710E74}.Release|Any CPU.ActiveCfg = Release|Any CPU
		{40E11B90-29D1-41F1-89CA-5B28ED710E74}.Release|Any CPU.Build.0 = Release|Any CPU
		{4F9196E4-D95E-4776-9083-2B74D96E857B}.Debug|Any CPU.ActiveCfg = Debug|Any CPU
		{4F9196E4-D95E-4776-9083-2B74D96E857B}.Debug|Any CPU.Build.0 = Debug|Any CPU
		{4F9196E4-D95E-4776-9083-2B74D96E857B}.Release|Any CPU.ActiveCfg = Release|Any CPU
		{4F9196E4-D95E-4776-9083-2B74D96E857B}.Release|Any CPU.Build.0 = Release|Any CPU
		{B20A8073-A377-4E8B-B970-46CF3412F575}.Debug|Any CPU.ActiveCfg = Debug|Any CPU
		{B20A8073-A377-4E8B-B970-46CF3412F575}.Debug|Any CPU.Build.0 = Debug|Any CPU
		{B20A8073-A377-4E8B-B970-46CF3412F575}.Release|Any CPU.ActiveCfg = Release|Any CPU
		{B20A8073-A377-4E8B-B970-46CF3412F575}.Release|Any CPU.Build.0 = Release|Any CPU
		{332F656C-1BC6-4DFD-B831-15F4DCDC6E62}.Debug|Any CPU.ActiveCfg = Debug|Any CPU
		{332F656C-1BC6-4DFD-B831-15F4DCDC6E62}.Debug|Any CPU.Build.0 = Debug|Any CPU
		{332F656C-1BC6-4DFD-B831-15F4DCDC6E62}.Release|Any CPU.ActiveCfg = Release|Any CPU
		{332F656C-1BC6-4DFD-B831-15F4DCDC6E62}.Release|Any CPU.Build.0 = Release|Any CPU
		{A018884C-C35F-4A3F-8CE0-C3443A5DD856}.Debug|Any CPU.ActiveCfg = Debug|Any CPU
		{A018884C-C35F-4A3F-8CE0-C3443A5DD856}.Debug|Any CPU.Build.0 = Debug|Any CPU
		{A018884C-C35F-4A3F-8CE0-C3443A5DD856}.Release|Any CPU.ActiveCfg = Release|Any CPU
		{A018884C-C35F-4A3F-8CE0-C3443A5DD856}.Release|Any CPU.Build.0 = Release|Any CPU
		{5E39D372-DD24-48E0-A816-5DC62AA8C0AD}.Debug|Any CPU.ActiveCfg = Debug|Any CPU
		{5E39D372-DD24-48E0-A816-5DC62AA8C0AD}.Debug|Any CPU.Build.0 = Debug|Any CPU
		{5E39D372-DD24-48E0-A816-5DC62AA8C0AD}.Release|Any CPU.ActiveCfg = Release|Any CPU
		{5E39D372-DD24-48E0-A816-5DC62AA8C0AD}.Release|Any CPU.Build.0 = Release|Any CPU
	EndGlobalSection
EndGlobal
